{
  "name": "pev-viz",
  "version": "1.0.0",
  "lockfileVersion": 1,
  "requires": true,
  "dependencies": {
    "@babel/runtime": {
      "version": "7.9.6",
      "resolved": "https://registry.npmjs.org/@babel/runtime/-/runtime-7.9.6.tgz",
      "integrity": "sha512-64AF1xY3OAkFHqOb9s4jpgk1Mm5vDZ4L3acHvAml+53nO1XbXLuDodsVpO4OIUsmemlUHMxNdYMNJmsvOwLrvQ==",
      "requires": {
        "regenerator-runtime": "^0.13.4"
      }
    },
    "@deck.gl/core": {
      "version": "8.1.7",
      "resolved": "https://registry.npmjs.org/@deck.gl/core/-/core-8.1.7.tgz",
      "integrity": "sha512-o7t6/UmFTxywACJHQ/335seZkZBwloaAFvoWM5qCyytaf3UxV69EuMU2+Ry5Q1Uve26qf8mHdAZbtbuyu9MOqw==",
      "requires": {
        "@loaders.gl/core": "^2.1.6",
        "@loaders.gl/images": "^2.1.6",
        "@luma.gl/core": "^8.1.2",
        "@math.gl/web-mercator": "^3.1.3",
        "gl-matrix": "^3.0.0",
        "math.gl": "^3.1.2",
        "mjolnir.js": "^2.3.0",
        "probe.gl": "^3.2.1"
      }
    },
    "@deck.gl/geo-layers": {
      "version": "8.1.7",
      "resolved": "https://registry.npmjs.org/@deck.gl/geo-layers/-/geo-layers-8.1.7.tgz",
      "integrity": "sha512-HFzcM6wz+Ej+jJt4ka+jwobVcUFukeGnaJiOILiP59T6FlnRpV3+1rhrFeoAaR8U2Gpz3EGX0IqGSHcZK6LeZQ==",
      "requires": {
        "@loaders.gl/3d-tiles": "^2.1.6",
        "@loaders.gl/core": "^2.1.6",
        "@loaders.gl/mvt": "^2.1.6",
        "@loaders.gl/terrain": "^2.1.6",
        "@loaders.gl/tiles": "^2.1.6",
        "@math.gl/core": "^3.1.3",
        "@math.gl/web-mercator": "^3.1.3",
        "h3-js": "^3.6.0",
        "long": "^3.2.0",
        "math.gl": "^3.1.3"
      }
    },
    "@deck.gl/layers": {
      "version": "8.1.7",
      "resolved": "https://registry.npmjs.org/@deck.gl/layers/-/layers-8.1.7.tgz",
      "integrity": "sha512-beZCM04ooL13Rh0WqMrlnt6SkD+0Ut96VC5+s8Vl1lwb+tbFvRXCmY5ldQ3/uBx5m2qSzuHg2s6dec6vl02gXw==",
      "requires": {
        "@loaders.gl/core": "^2.1.6",
        "@loaders.gl/images": "^2.1.6",
        "@mapbox/tiny-sdf": "^1.1.0",
        "earcut": "^2.0.6"
      }
    },
    "@loaders.gl/3d-tiles": {
      "version": "2.1.6",
      "resolved": "https://registry.npmjs.org/@loaders.gl/3d-tiles/-/3d-tiles-2.1.6.tgz",
      "integrity": "sha512-QrhibBxE1s4J3hoo3leUWrORdS9GpfV5+SbcC1/xK/AsxG5yjJsuW6V7LLyj77yqT9Z7GaAftfhUkQhvMt2zsA==",
      "requires": {
        "@loaders.gl/core": "2.1.6",
        "@loaders.gl/gltf": "2.1.6",
        "@loaders.gl/loader-utils": "2.1.6",
        "@loaders.gl/math": "2.1.6",
        "@loaders.gl/tiles": "2.1.6",
        "@math.gl/core": "^3.1.3",
        "@math.gl/geospatial": "^3.1.3",
        "@probe.gl/stats": "^3.2.1"
      }
    },
    "@loaders.gl/core": {
      "version": "2.1.6",
      "resolved": "https://registry.npmjs.org/@loaders.gl/core/-/core-2.1.6.tgz",
      "integrity": "sha512-1uxlSZ3dKbraWmvsOsBeSfJxR/+mXjDCsDLkl8N9QzXeN1nIer3siDPLqckox4MMsPxPo5uo1Be8iwORAUo3VQ==",
      "requires": {
        "@babel/runtime": "^7.3.1",
        "@loaders.gl/loader-utils": "2.1.6"
      }
    },
    "@loaders.gl/gltf": {
      "version": "2.1.6",
      "resolved": "https://registry.npmjs.org/@loaders.gl/gltf/-/gltf-2.1.6.tgz",
      "integrity": "sha512-Rb0vMGbAT2GHoSS/IKH5I4FQ4vzu8LhkztFjl8D4N0RQHKYjLSbGXo3w8URkUtv5UCUqChBMHQ6PQT6nJp5v8A==",
      "requires": {
        "@loaders.gl/core": "2.1.6",
        "@loaders.gl/images": "2.1.6",
        "@loaders.gl/loader-utils": "2.1.6"
      }
    },
    "@loaders.gl/images": {
      "version": "2.1.6",
      "resolved": "https://registry.npmjs.org/@loaders.gl/images/-/images-2.1.6.tgz",
      "integrity": "sha512-KE0fEJA3Luiqktgb2bfj/+de3QjWmP8L+hh2Pu03doxIgvV8mhhvduy5rBMMtoR0M3HBSPRI0DKKF5mR0Hb46Q==",
      "requires": {
        "@loaders.gl/loader-utils": "2.1.6"
      }
    },
    "@loaders.gl/loader-utils": {
      "version": "2.1.6",
      "resolved": "https://registry.npmjs.org/@loaders.gl/loader-utils/-/loader-utils-2.1.6.tgz",
      "integrity": "sha512-V9ZJH60HwSmSIw2jqNDMFpDqZVfy02WZ1/1e2ENw3PODE8ubNqs1bQ8nFj9omqwVMPF7fBVLvzoeoGrpeW0gfQ==",
      "requires": {
        "@babel/runtime": "^7.3.1",
        "@probe.gl/stats": "^3.2.1"
      }
    },
    "@loaders.gl/math": {
      "version": "2.1.6",
      "resolved": "https://registry.npmjs.org/@loaders.gl/math/-/math-2.1.6.tgz",
      "integrity": "sha512-d2nUljuIQmqsTDTvR6em5DV2pxFweUJERS4I0HasSRDRE5LZkaGb1JG7BI7waNF+x+cUUr/4wN7KDfr2FsEegQ==",
      "requires": {
        "@loaders.gl/images": "2.1.6",
        "@loaders.gl/loader-utils": "2.1.6",
        "math.gl": "^3.1.3"
      }
    },
    "@loaders.gl/mvt": {
      "version": "2.1.6",
      "resolved": "https://registry.npmjs.org/@loaders.gl/mvt/-/mvt-2.1.6.tgz",
      "integrity": "sha512-mrST8VTFwyu4xEkcL0211TgqZNIj/5DWYdCUZd0yjfq59wdzIe9B6SkutMNkI02J1fBkqWgplP9C8DilKW2dPw==",
      "requires": {
        "@loaders.gl/loader-utils": "2.1.6",
        "@mapbox/vector-tile": "^1.3.1",
        "pbf": "^3.2.1"
      }
    },
    "@loaders.gl/terrain": {
      "version": "2.1.6",
      "resolved": "https://registry.npmjs.org/@loaders.gl/terrain/-/terrain-2.1.6.tgz",
      "integrity": "sha512-jE0oA4SSQkjfnBwjmt2AYLv9A+ebRHoKlx8Re0/LbltbiHMGXd46fdmqgwfn8/uyftE5xmKIMITXTdx49hQksA==",
      "requires": {
        "@babel/runtime": "^7.3.1",
        "@loaders.gl/loader-utils": "2.1.6",
        "@mapbox/martini": "^0.2.0"
      }
    },
    "@loaders.gl/tiles": {
      "version": "2.1.6",
      "resolved": "https://registry.npmjs.org/@loaders.gl/tiles/-/tiles-2.1.6.tgz",
      "integrity": "sha512-Jcw6ZmELE/qhcVddvkKk77xt34mFhaKmWgCvLDRZqptNJcC9Qir4ICVePv/V7zR3wpl5D/m+wpeNN4eSFd419Q==",
      "requires": {
        "@loaders.gl/core": "2.1.6",
        "@loaders.gl/loader-utils": "2.1.6",
        "@loaders.gl/math": "2.1.6",
        "@math.gl/core": "^3.1.3",
        "@math.gl/culling": "^3.1.2",
        "@math.gl/geospatial": "^3.1.2",
        "@probe.gl/stats": "^3.2.1"
      }
    },
    "@luma.gl/constants": {
      "version": "8.1.2",
      "resolved": "https://registry.npmjs.org/@luma.gl/constants/-/constants-8.1.2.tgz",
      "integrity": "sha512-xhEPc4U8HFo8qDtPqu8wB9/HuYOqMYH9JfEWouj4wn7CXbGApoOpmJemwHwQtnoEQ+XLwsDy9ihHK+2uwYt+fQ=="
    },
    "@luma.gl/core": {
      "version": "8.1.2",
      "resolved": "https://registry.npmjs.org/@luma.gl/core/-/core-8.1.2.tgz",
      "integrity": "sha512-l3yovFtqpY4LCRj0LRJFXv4fnC8tVGoEYpTPbt+wAW2yal8CGfAlODpd7h176yl+R/upq5PqX108/2G2NBk22Q==",
      "requires": {
        "@babel/runtime": "^7.0.0",
        "@luma.gl/constants": "8.1.2",
        "@luma.gl/engine": "8.1.2",
        "@luma.gl/shadertools": "8.1.2",
        "@luma.gl/webgl": "8.1.2"
      }
    },
    "@luma.gl/engine": {
      "version": "8.1.2",
      "resolved": "https://registry.npmjs.org/@luma.gl/engine/-/engine-8.1.2.tgz",
      "integrity": "sha512-uEJQSpZfQvR3pSgS9/7aXKAFOa46NYHpUBByTO0JK719t/+412q9wqi+cYe79A02QzYuwRFdojOQ1PuoVpNN/Q==",
      "requires": {
        "@babel/runtime": "^7.0.0",
        "@luma.gl/constants": "8.1.2",
        "@luma.gl/gltools": "8.1.2",
        "@luma.gl/shadertools": "8.1.2",
        "@luma.gl/webgl": "8.1.2",
        "math.gl": "^3.1.3",
        "probe.gl": "^3.2.1"
      }
    },
    "@luma.gl/gltools": {
      "version": "8.1.2",
      "resolved": "https://registry.npmjs.org/@luma.gl/gltools/-/gltools-8.1.2.tgz",
      "integrity": "sha512-I8J+7bEm8ucfhoKlHtQhyaYF3NyGmTeYYMRNq9h8hbGQko4ztJBUWYKzBaEk49RxcejXhCv1RDaPCFLevXM2sQ==",
      "requires": {
        "@babel/runtime": "^7.0.0",
        "@luma.gl/constants": "8.1.2",
        "probe.gl": "^3.2.1"
      }
    },
    "@luma.gl/shadertools": {
      "version": "8.1.2",
      "resolved": "https://registry.npmjs.org/@luma.gl/shadertools/-/shadertools-8.1.2.tgz",
      "integrity": "sha512-8CCKs7PMP7vYg9RbNmfBUqYrAyWTrEnUJz481/npeGVjKKuGN8tSksht//sSKmryEcT/WqairOBxpgaVPDFf+w==",
      "requires": {
        "@babel/runtime": "^7.0.0",
        "math.gl": "^3.1.3"
      }
    },
    "@luma.gl/webgl": {
      "version": "8.1.2",
      "resolved": "https://registry.npmjs.org/@luma.gl/webgl/-/webgl-8.1.2.tgz",
      "integrity": "sha512-XK26eOX1nkH3D/dubSxJTX/nHfIugOm4a4zT4jHKnyWQNi0WU07S1KBnYVXRRWvu3KaHR4wsT/O5R573CiyDGw==",
      "requires": {
        "@babel/runtime": "^7.0.0",
        "@luma.gl/constants": "8.1.2",
        "@luma.gl/gltools": "8.1.2",
        "probe.gl": "^3.2.1"
      }
    },
    "@mapbox/martini": {
      "version": "0.2.0",
      "resolved": "https://registry.npmjs.org/@mapbox/martini/-/martini-0.2.0.tgz",
      "integrity": "sha512-7hFhtkb0KTLEls+TRw/rWayq5EeHtTaErgm/NskVoXmtgAQu/9D299aeyj6mzAR/6XUnYRp2lU+4IcrYRFjVsQ=="
    },
    "@mapbox/point-geometry": {
      "version": "0.1.0",
      "resolved": "https://registry.npmjs.org/@mapbox/point-geometry/-/point-geometry-0.1.0.tgz",
      "integrity": "sha1-ioP5M1x4YO/6Lu7KJUMyqgru2PI="
    },
    "@mapbox/tiny-sdf": {
      "version": "1.1.1",
      "resolved": "https://registry.npmjs.org/@mapbox/tiny-sdf/-/tiny-sdf-1.1.1.tgz",
      "integrity": "sha512-Ihn1nZcGIswJ5XGbgFAvVumOgWpvIjBX9jiRlIl46uQG9vJOF51ViBYHF95rEZupuyQbEmhLaDPLQlU7fUTsBg=="
    },
    "@mapbox/vector-tile": {
      "version": "1.3.1",
      "resolved": "https://registry.npmjs.org/@mapbox/vector-tile/-/vector-tile-1.3.1.tgz",
      "integrity": "sha512-MCEddb8u44/xfQ3oD+Srl/tNcQoqTw3goGk2oLsrFxOTc3dUp+kAnby3PvAeeBYSMSjSPD1nd1AJA6W49WnoUw==",
      "requires": {
        "@mapbox/point-geometry": "~0.1.0"
      }
    },
    "@math.gl/core": {
      "version": "3.1.5",
      "resolved": "https://registry.npmjs.org/@math.gl/core/-/core-3.1.5.tgz",
      "integrity": "sha512-1htWjiJOf2203bObMrOlNcp+4m8eQZNh78t8j/vXApA9xC/aHN9aHxbf95kRQn6htfuF0YmQuJTvRoIZbqI3ww==",
      "requires": {
        "@babel/runtime": "^7.0.0",
        "gl-matrix": "^3.0.0"
      }
    },
    "@math.gl/culling": {
      "version": "3.1.5",
      "resolved": "https://registry.npmjs.org/@math.gl/culling/-/culling-3.1.5.tgz",
      "integrity": "sha512-Mop8SBB7ZF/tuJOKonHwlpH8YeZ7QtIHZS6M8fEM8BkXmchzQVBQRkuDZ9UhWOggO/NHOGV6K/rug2Io4y/i9w==",
      "requires": {
        "@babel/runtime": "^7.0.0",
        "@math.gl/core": "3.1.5",
        "gl-matrix": "^3.0.0"
      }
    },
    "@math.gl/geospatial": {
      "version": "3.1.5",
      "resolved": "https://registry.npmjs.org/@math.gl/geospatial/-/geospatial-3.1.5.tgz",
      "integrity": "sha512-myHrtQ6U/3MOHcFDEi2iAy/rBXyrexngE1up+XKnu7Q2lHAUj4GCwKWGIEsYeKhGn1hTtx5kqWF43SB8jJICsQ==",
      "requires": {
        "@babel/runtime": "^7.0.0",
        "@math.gl/core": "3.1.5",
        "gl-matrix": "^3.0.0"
      }
    },
    "@math.gl/web-mercator": {
      "version": "3.1.5",
      "resolved": "https://registry.npmjs.org/@math.gl/web-mercator/-/web-mercator-3.1.5.tgz",
      "integrity": "sha512-F8d2yDsnBWxIbuFffA5atTZZETapvH8J+H6wwfrplDf9kTWyQhlCcCZfy+3TkPXkNVky1ibcCaC6Py1LKlsamw==",
      "requires": {
        "@babel/runtime": "^7.0.0",
        "gl-matrix": "^3.0.0"
      }
    },
    "@probe.gl/stats": {
      "version": "3.2.1",
      "resolved": "https://registry.npmjs.org/@probe.gl/stats/-/stats-3.2.1.tgz",
      "integrity": "sha512-tXe5krgbodxtVdUVWG4oIicMoCHNGp7QYkaHSDrUeTfJVqYuZz99T6r7qmn0bCo4wQlzn936jJ+QiAltHxatig==",
      "requires": {
        "@babel/runtime": "^7.0.0"
      }
    },
    "earcut": {
      "version": "2.2.2",
      "resolved": "https://registry.npmjs.org/earcut/-/earcut-2.2.2.tgz",
      "integrity": "sha512-eZoZPPJcUHnfRZ0PjLvx2qBordSiO8ofC3vt+qACLM95u+4DovnbYNpQtJh0DNsWj8RnxrQytD4WA8gj5cRIaQ=="
    },
    "gl-matrix": {
      "version": "3.3.0",
      "resolved": "https://registry.npmjs.org/gl-matrix/-/gl-matrix-3.3.0.tgz",
      "integrity": "sha512-COb7LDz+SXaHtl/h4LeaFcNdJdAQSDeVqjiIihSXNrkWObZLhDI4hIkZC11Aeqp7bcE72clzB0BnDXr2SmslRA=="
    },
    "h3-js": {
      "version": "3.6.3",
      "resolved": "https://registry.npmjs.org/h3-js/-/h3-js-3.6.3.tgz",
      "integrity": "sha512-sSfUD4WrqKDoGsGjeY/ih2kbl/HqunGzdAr4NL8Q1qHSAyGMvev3jABbsMvK9wJGmnGuGhIzgxX9kCbUsYcnwg=="
    },
    "hammerjs": {
      "version": "2.0.8",
      "resolved": "https://registry.npmjs.org/hammerjs/-/hammerjs-2.0.8.tgz",
      "integrity": "sha1-BO93hiz/K7edMPdpIJWTAiK/YPE="
    },
    "ieee754": {
      "version": "1.1.13",
      "resolved": "https://registry.npmjs.org/ieee754/-/ieee754-1.1.13.tgz",
      "integrity": "sha512-4vf7I2LYV/HaWerSo3XmlMkp5eZ83i+/CDluXi/IGTs/O1sejBNhTtnxzmRZfvOUqj7lZjqHkeTvpgSFDlWZTg=="
    },
    "long": {
      "version": "3.2.0",
      "resolved": "https://registry.npmjs.org/long/-/long-3.2.0.tgz",
      "integrity": "sha1-2CG3E4yhy1gcFymQ7xTbIAtcR0s="
    },
    "math.gl": {
      "version": "3.1.5",
      "resolved": "https://registry.npmjs.org/math.gl/-/math.gl-3.1.5.tgz",
      "integrity": "sha512-vRDoifQTcEn2uBGJvxNxCkiphUMD40Ti/kJuGRjEWD1OiHpX9L+66ovEU3KpQ3lCwaLaIxPQcPWEOMiAn7NqIg==",
      "requires": {
        "@math.gl/core": "3.1.5"
      }
    },
    "mjolnir.js": {
      "version": "2.4.1",
      "resolved": "https://registry.npmjs.org/mjolnir.js/-/mjolnir.js-2.4.1.tgz",
      "integrity": "sha512-bpqKc70aNlijeQCapJ8529EmjVj8VSfYdzh1WsbhWp0XEQSm9hAB6X350OyRVDpH5oTdAyX/NeYFqtwyuO4ZKA==",
      "requires": {
        "@babel/runtime": "^7.0.0",
        "hammerjs": "^2.0.8"
      }
    },
    "pbf": {
      "version": "3.2.1",
      "resolved": "https://registry.npmjs.org/pbf/-/pbf-3.2.1.tgz",
      "integrity": "sha512-ClrV7pNOn7rtmoQVF4TS1vyU0WhYRnP92fzbfF75jAIwpnzdJXf8iTd4CMEqO4yUenH6NDqLiwjqlh6QgZzgLQ==",
      "requires": {
        "ieee754": "^1.1.12",
        "resolve-protobuf-schema": "^2.1.0"
      }
    },
    "probe.gl": {
      "version": "3.2.1",
      "resolved": "https://registry.npmjs.org/probe.gl/-/probe.gl-3.2.1.tgz",
      "integrity": "sha512-ax0flZWVcrw3FF9MMt84mqfIckjkB7ItGer9rr8zlUbkIyzt66ypeJVLQlC28dJ/RBZtriflt2sVAhjENFohQA==",
      "requires": {
        "@babel/runtime": "^7.0.0",
        "@probe.gl/stats": "3.2.1"
      }
    },
    "protocol-buffers-schema": {
      "version": "3.4.0",
      "resolved": "https://registry.npmjs.org/protocol-buffers-schema/-/protocol-buffers-schema-3.4.0.tgz",
      "integrity": "sha512-G/2kcamPF2S49W5yaMGdIpkG6+5wZF0fzBteLKgEHjbNzqjZQ85aAs1iJGto31EJaSTkNvHs5IXuHSaTLWBAiA=="
    },
    "regenerator-runtime": {
      "version": "0.13.5",
      "resolved": "https://registry.npmjs.org/regenerator-runtime/-/regenerator-runtime-0.13.5.tgz",
      "integrity": "sha512-ZS5w8CpKFinUzOwW3c83oPeVXoNsrLsaCoLtJvAClH135j/R77RuymhiSErhm2lKcwSCIpmvIWSbDkIfAqKQlA=="
    },
    "resolve-protobuf-schema": {
      "version": "2.1.0",
      "resolved": "https://registry.npmjs.org/resolve-protobuf-schema/-/resolve-protobuf-schema-2.1.0.tgz",
      "integrity": "sha512-kI5ffTiZWmJaS/huM8wZfEMer1eRd7oJQhDuxeCLe3t7N7mX3z94CN0xPxBQxFYQTSNz9T0i+v6inKqSdK8xrQ==",
      "requires": {
        "protocol-buffers-schema": "^3.3.1"
      }
    }
  }
}
